{
  "object": {
    "pins": [
      {
        "package": "EmojiPickerViewController",
        "repositoryURL": "https://github.com/vidovalianto/EmojiPickerView",
        "state": {
          "branch": null,
          "revision": "5dfce351ad0d96a7887628273cd176cc9f5ac67e",
          "version": "1.0.1"
        }
      }
    ]
  },
  "version": 1
}
